// !$*UTF8*$!
{
	archiveVersion = 1;
	classes = {
	};
	objectVersion = 50;
	objects = {

/* Begin PBXBuildFile section */
		2E1E343B23C3E54500AC8423 /* AppDelegate.swift in Sources */ = {isa = PBXBuildFile; fileRef = 2E1E343A23C3E54500AC8423 /* AppDelegate.swift */; };
		2E1E343D23C3E54500AC8423 /* SceneDelegate.swift in Sources */ = {isa = PBXBuildFile; fileRef = 2E1E343C23C3E54500AC8423 /* SceneDelegate.swift */; };
		2E1E343F23C3E54500AC8423 /* ViewController.swift in Sources */ = {isa = PBXBuildFile; fileRef = 2E1E343E23C3E54500AC8423 /* ViewController.swift */; };
		2E1E344223C3E54500AC8423 /* Main.storyboard in Resources */ = {isa = PBXBuildFile; fileRef = 2E1E344023C3E54500AC8423 /* Main.storyboard */; };
		2E1E344423C3E54900AC8423 /* Assets.xcassets in Resources */ = {isa = PBXBuildFile; fileRef = 2E1E344323C3E54900AC8423 /* Assets.xcassets */; };
		2E1E344723C3E54900AC8423 /* LaunchScreen.storyboard in Resources */ = {isa = PBXBuildFile; fileRef = 2E1E344523C3E54900AC8423 /* LaunchScreen.storyboard */; };
		2E1E345223C3E54900AC8423 /* Ghibli_HubTests.swift in Sources */ = {isa = PBXBuildFile; fileRef = 2E1E345123C3E54900AC8423 /* Ghibli_HubTests.swift */; };
		2E1E345E23C523D000AC8423 /* DetailViewController.swift in Sources */ = {isa = PBXBuildFile; fileRef = 2E1E345D23C523D000AC8423 /* DetailViewController.swift */; };
		2E1E346823C5256700AC8423 /* GhibModel.swift in Sources */ = {isa = PBXBuildFile; fileRef = 2E1E346723C5256700AC8423 /* GhibModel.swift */; };
		2E1E346B23C525EF00AC8423 /* UIViewController+Alert.swift in Sources */ = {isa = PBXBuildFile; fileRef = 2E1E346A23C525EF00AC8423 /* UIViewController+Alert.swift */; };
		2E1E346D23C5264500AC8423 /* UIImage+Extension.swift in Sources */ = {isa = PBXBuildFile; fileRef = 2E1E346C23C5264500AC8423 /* UIImage+Extension.swift */; };
		2E59DF8F23C6455200B22A57 /* Music.swift in Sources */ = {isa = PBXBuildFile; fileRef = 2E59DF8E23C6455200B22A57 /* Music.swift */; };
		2E59DF9123C6467700B22A57 /* arthur-vyncke-snow-and-magic.mp3 in Resources */ = {isa = PBXBuildFile; fileRef = 2E59DF9023C6467700B22A57 /* arthur-vyncke-snow-and-magic.mp3 */; };
		2ECF0BDC23C5624100F72CE5 /* API.swift in Sources */ = {isa = PBXBuildFile; fileRef = 2ECF0BDB23C5624100F72CE5 /* API.swift */; };
		2ECF0BDE23C5625600F72CE5 /* NetworkHelper.swift in Sources */ = {isa = PBXBuildFile; fileRef = 2ECF0BDD23C5625600F72CE5 /* NetworkHelper.swift */; };
		2ECF0BE023C5629E00F72CE5 /* AppError.swift in Sources */ = {isa = PBXBuildFile; fileRef = 2ECF0BDF23C5629E00F72CE5 /* AppError.swift */; };
/* End PBXBuildFile section */

/* Begin PBXContainerItemProxy section */
		2E1E344E23C3E54900AC8423 /* PBXContainerItemProxy */ = {
			isa = PBXContainerItemProxy;
			containerPortal = 2E1E342F23C3E54500AC8423 /* Project object */;
			proxyType = 1;
			remoteGlobalIDString = 2E1E343623C3E54500AC8423;
			remoteInfo = "Ghibli Hub";
		};
/* End PBXContainerItemProxy section */

/* Begin PBXFileReference section */
		2E1E343723C3E54500AC8423 /* Ghibli Hub.app */ = {isa = PBXFileReference; explicitFileType = wrapper.application; includeInIndex = 0; path = "Ghibli Hub.app"; sourceTree = BUILT_PRODUCTS_DIR; };
		2E1E343A23C3E54500AC8423 /* AppDelegate.swift */ = {isa = PBXFileReference; lastKnownFileType = sourcecode.swift; path = AppDelegate.swift; sourceTree = "<group>"; };
		2E1E343C23C3E54500AC8423 /* SceneDelegate.swift */ = {isa = PBXFileReference; lastKnownFileType = sourcecode.swift; path = SceneDelegate.swift; sourceTree = "<group>"; };
		2E1E343E23C3E54500AC8423 /* ViewController.swift */ = {isa = PBXFileReference; lastKnownFileType = sourcecode.swift; path = ViewController.swift; sourceTree = "<group>"; };
		2E1E344123C3E54500AC8423 /* Base */ = {isa = PBXFileReference; lastKnownFileType = file.storyboard; name = Base; path = Base.lproj/Main.storyboard; sourceTree = "<group>"; };
		2E1E344323C3E54900AC8423 /* Assets.xcassets */ = {isa = PBXFileReference; lastKnownFileType = folder.assetcatalog; path = Assets.xcassets; sourceTree = "<group>"; };
		2E1E344623C3E54900AC8423 /* Base */ = {isa = PBXFileReference; lastKnownFileType = file.storyboard; name = Base; path = Base.lproj/LaunchScreen.storyboard; sourceTree = "<group>"; };
		2E1E344823C3E54900AC8423 /* Info.plist */ = {isa = PBXFileReference; lastKnownFileType = text.plist.xml; path = Info.plist; sourceTree = "<group>"; };
		2E1E344D23C3E54900AC8423 /* Ghibli HubTests.xctest */ = {isa = PBXFileReference; explicitFileType = wrapper.cfbundle; includeInIndex = 0; path = "Ghibli HubTests.xctest"; sourceTree = BUILT_PRODUCTS_DIR; };
		2E1E345123C3E54900AC8423 /* Ghibli_HubTests.swift */ = {isa = PBXFileReference; lastKnownFileType = sourcecode.swift; path = Ghibli_HubTests.swift; sourceTree = "<group>"; };
		2E1E345323C3E54900AC8423 /* Info.plist */ = {isa = PBXFileReference; lastKnownFileType = text.plist.xml; path = Info.plist; sourceTree = "<group>"; };
		2E1E345D23C523D000AC8423 /* DetailViewController.swift */ = {isa = PBXFileReference; lastKnownFileType = sourcecode.swift; path = DetailViewController.swift; sourceTree = "<group>"; };
		2E1E346723C5256700AC8423 /* GhibModel.swift */ = {isa = PBXFileReference; lastKnownFileType = sourcecode.swift; name = GhibModel.swift; path = ../../../../GhibModel.swift; sourceTree = "<group>"; };
		2E1E346A23C525EF00AC8423 /* UIViewController+Alert.swift */ = {isa = PBXFileReference; lastKnownFileType = sourcecode.swift; path = "UIViewController+Alert.swift"; sourceTree = "<group>"; };
		2E1E346C23C5264500AC8423 /* UIImage+Extension.swift */ = {isa = PBXFileReference; lastKnownFileType = sourcecode.swift; path = "UIImage+Extension.swift"; sourceTree = "<group>"; };
		2E59DF8E23C6455200B22A57 /* Music.swift */ = {isa = PBXFileReference; lastKnownFileType = sourcecode.swift; path = Music.swift; sourceTree = "<group>"; };
		2E59DF9023C6467700B22A57 /* arthur-vyncke-snow-and-magic.mp3 */ = {isa = PBXFileReference; lastKnownFileType = audio.mp3; path = "arthur-vyncke-snow-and-magic.mp3"; sourceTree = "<group>"; };
		2ECF0BDB23C5624100F72CE5 /* API.swift */ = {isa = PBXFileReference; lastKnownFileType = sourcecode.swift; name = API.swift; path = "Ghibli Hub/New Group/Model/API.swift"; sourceTree = SOURCE_ROOT; };
		2ECF0BDD23C5625600F72CE5 /* NetworkHelper.swift */ = {isa = PBXFileReference; lastKnownFileType = sourcecode.swift; name = NetworkHelper.swift; path = "Ghibli Hub/New Group/Model/NetworkHelper.swift"; sourceTree = SOURCE_ROOT; };
		2ECF0BDF23C5629E00F72CE5 /* AppError.swift */ = {isa = PBXFileReference; lastKnownFileType = sourcecode.swift; name = AppError.swift; path = "Ghibli Hub/New Group/Model/AppError.swift"; sourceTree = SOURCE_ROOT; };
/* End PBXFileReference section */

/* Begin PBXFrameworksBuildPhase section */
		2E1E343423C3E54500AC8423 /* Frameworks */ = {
			isa = PBXFrameworksBuildPhase;
			buildActionMask = 2147483647;
			files = (
			);
			runOnlyForDeploymentPostprocessing = 0;
		};
		2E1E344A23C3E54900AC8423 /* Frameworks */ = {
			isa = PBXFrameworksBuildPhase;
			buildActionMask = 2147483647;
			files = (
			);
			runOnlyForDeploymentPostprocessing = 0;
		};
/* End PBXFrameworksBuildPhase section */

/* Begin PBXGroup section */
		2E1E342E23C3E54500AC8423 = {
			isa = PBXGroup;
			children = (
				2E1E343923C3E54500AC8423 /* Ghibli Hub */,
				2E1E345023C3E54900AC8423 /* Ghibli HubTests */,
				2E1E343823C3E54500AC8423 /* Products */,
			);
			sourceTree = "<group>";
		};
		2E1E343823C3E54500AC8423 /* Products */ = {
			isa = PBXGroup;
			children = (
				2E1E343723C3E54500AC8423 /* Ghibli Hub.app */,
				2E1E344D23C3E54900AC8423 /* Ghibli HubTests.xctest */,
			);
			name = Products;
			sourceTree = "<group>";
		};
		2E1E343923C3E54500AC8423 /* Ghibli Hub */ = {
			isa = PBXGroup;
			children = (
				2E1E345F23C523E500AC8423 /* NetworkFiles */,
				2E1E346623C5253000AC8423 /* Model */,
				2E1E346923C5257400AC8423 /* Extension */,
				2E59DF9223C646A600B22A57 /* Music Files */,
				2E1E345C23C5221E00AC8423 /* View Controllers */,
				2E1E344023C3E54500AC8423 /* Main.storyboard */,
				2E1E344323C3E54900AC8423 /* Assets.xcassets */,
				2E1E344523C3E54900AC8423 /* LaunchScreen.storyboard */,
				2E1E343C23C3E54500AC8423 /* SceneDelegate.swift */,
				2E1E343A23C3E54500AC8423 /* AppDelegate.swift */,
				2E1E344823C3E54900AC8423 /* Info.plist */,
			);
			path = "Ghibli Hub";
			sourceTree = "<group>";
		};
		2E1E345023C3E54900AC8423 /* Ghibli HubTests */ = {
			isa = PBXGroup;
			children = (
				2E1E345123C3E54900AC8423 /* Ghibli_HubTests.swift */,
				2E1E345323C3E54900AC8423 /* Info.plist */,
			);
			path = "Ghibli HubTests";
			sourceTree = "<group>";
		};
		2E1E345C23C5221E00AC8423 /* View Controllers */ = {
			isa = PBXGroup;
			children = (
				2E1E343E23C3E54500AC8423 /* ViewController.swift */,
				2E1E345D23C523D000AC8423 /* DetailViewController.swift */,
			);
			path = "View Controllers";
			sourceTree = "<group>";
		};
		2E1E345F23C523E500AC8423 /* NetworkFiles */ = {
			isa = PBXGroup;
			children = (
				2ECF0BDB23C5624100F72CE5 /* API.swift */,
				2ECF0BDD23C5625600F72CE5 /* NetworkHelper.swift */,
				2ECF0BDF23C5629E00F72CE5 /* AppError.swift */,
			);
			name = NetworkFiles;
			path = "New Group/NetworkFiles";
			sourceTree = "<group>";
		};
		2E1E346623C5253000AC8423 /* Model */ = {
			isa = PBXGroup;
			children = (
				2E1E346723C5256700AC8423 /* GhibModel.swift */,
			);
			name = Model;
			path = "New Group/Model";
			sourceTree = "<group>";
		};
		2E1E346923C5257400AC8423 /* Extension */ = {
			isa = PBXGroup;
			children = (
				2E1E346A23C525EF00AC8423 /* UIViewController+Alert.swift */,
				2E1E346C23C5264500AC8423 /* UIImage+Extension.swift */,
			);
			name = Extension;
			path = "New Group/Model/Extension";
			sourceTree = "<group>";
		};
		2E59DF9223C646A600B22A57 /* Music Files */ = {
			isa = PBXGroup;
			children = (
				2E59DF8E23C6455200B22A57 /* Music.swift */,
				2E59DF9023C6467700B22A57 /* arthur-vyncke-snow-and-magic.mp3 */,
			);
			path = "Music Files";
			sourceTree = "<group>";
		};
/* End PBXGroup section */

/* Begin PBXNativeTarget section */
		2E1E343623C3E54500AC8423 /* Ghibli Hub */ = {
			isa = PBXNativeTarget;
			buildConfigurationList = 2E1E345623C3E54900AC8423 /* Build configuration list for PBXNativeTarget "Ghibli Hub" */;
			buildPhases = (
				2E1E343323C3E54500AC8423 /* Sources */,
				2E1E343423C3E54500AC8423 /* Frameworks */,
				2E1E343523C3E54500AC8423 /* Resources */,
			);
			buildRules = (
			);
			dependencies = (
			);
			name = "Ghibli Hub";
			productName = "Ghibli Hub";
			productReference = 2E1E343723C3E54500AC8423 /* Ghibli Hub.app */;
			productType = "com.apple.product-type.application";
		};
		2E1E344C23C3E54900AC8423 /* Ghibli HubTests */ = {
			isa = PBXNativeTarget;
			buildConfigurationList = 2E1E345923C3E54900AC8423 /* Build configuration list for PBXNativeTarget "Ghibli HubTests" */;
			buildPhases = (
				2E1E344923C3E54900AC8423 /* Sources */,
				2E1E344A23C3E54900AC8423 /* Frameworks */,
				2E1E344B23C3E54900AC8423 /* Resources */,
			);
			buildRules = (
			);
			dependencies = (
				2E1E344F23C3E54900AC8423 /* PBXTargetDependency */,
			);
			name = "Ghibli HubTests";
			productName = "Ghibli HubTests";
			productReference = 2E1E344D23C3E54900AC8423 /* Ghibli HubTests.xctest */;
			productType = "com.apple.product-type.bundle.unit-test";
		};
/* End PBXNativeTarget section */

/* Begin PBXProject section */
		2E1E342F23C3E54500AC8423 /* Project object */ = {
			isa = PBXProject;
			attributes = {
				LastSwiftUpdateCheck = 1130;
				LastUpgradeCheck = 1130;
				ORGANIZATIONNAME = "Tanya Burke";
				TargetAttributes = {
					2E1E343623C3E54500AC8423 = {
						CreatedOnToolsVersion = 11.3;
					};
					2E1E344C23C3E54900AC8423 = {
						CreatedOnToolsVersion = 11.3;
						TestTargetID = 2E1E343623C3E54500AC8423;
					};
				};
			};
			buildConfigurationList = 2E1E343223C3E54500AC8423 /* Build configuration list for PBXProject "Ghibli Hub" */;
			compatibilityVersion = "Xcode 9.3";
			developmentRegion = en;
			hasScannedForEncodings = 0;
			knownRegions = (
				en,
				Base,
			);
			mainGroup = 2E1E342E23C3E54500AC8423;
			productRefGroup = 2E1E343823C3E54500AC8423 /* Products */;
			projectDirPath = "";
			projectRoot = "";
			targets = (
				2E1E343623C3E54500AC8423 /* Ghibli Hub */,
				2E1E344C23C3E54900AC8423 /* Ghibli HubTests */,
			);
		};
/* End PBXProject section */

/* Begin PBXResourcesBuildPhase section */
		2E1E343523C3E54500AC8423 /* Resources */ = {
			isa = PBXResourcesBuildPhase;
			buildActionMask = 2147483647;
			files = (
				2E1E344723C3E54900AC8423 /* LaunchScreen.storyboard in Resources */,
				2E1E344423C3E54900AC8423 /* Assets.xcassets in Resources */,
				2E59DF9123C6467700B22A57 /* arthur-vyncke-snow-and-magic.mp3 in Resources */,
				2E1E344223C3E54500AC8423 /* Main.storyboard in Resources */,
			);
			runOnlyForDeploymentPostprocessing = 0;
		};
		2E1E344B23C3E54900AC8423 /* Resources */ = {
			isa = PBXResourcesBuildPhase;
			buildActionMask = 2147483647;
			files = (
			);
			runOnlyForDeploymentPostprocessing = 0;
		};
/* End PBXResourcesBuildPhase section */

/* Begin PBXSourcesBuildPhase section */
		2E1E343323C3E54500AC8423 /* Sources */ = {
			isa = PBXSourcesBuildPhase;
			buildActionMask = 2147483647;
			files = (
				2E1E346B23C525EF00AC8423 /* UIViewController+Alert.swift in Sources */,
				2ECF0BDE23C5625600F72CE5 /* NetworkHelper.swift in Sources */,
				2ECF0BE023C5629E00F72CE5 /* AppError.swift in Sources */,
				2E1E343F23C3E54500AC8423 /* ViewController.swift in Sources */,
				2E1E343B23C3E54500AC8423 /* AppDelegate.swift in Sources */,
				2E1E343D23C3E54500AC8423 /* SceneDelegate.swift in Sources */,
				2E1E346823C5256700AC8423 /* GhibModel.swift in Sources */,
				2E59DF8F23C6455200B22A57 /* Music.swift in Sources */,
				2E1E346D23C5264500AC8423 /* UIImage+Extension.swift in Sources */,
				2ECF0BDC23C5624100F72CE5 /* API.swift in Sources */,
				2E1E345E23C523D000AC8423 /* DetailViewController.swift in Sources */,
			);
			runOnlyForDeploymentPostprocessing = 0;
		};
		2E1E344923C3E54900AC8423 /* Sources */ = {
			isa = PBXSourcesBuildPhase;
			buildActionMask = 2147483647;
			files = (
				2E1E345223C3E54900AC8423 /* Ghibli_HubTests.swift in Sources */,
			);
			runOnlyForDeploymentPostprocessing = 0;
		};
/* End PBXSourcesBuildPhase section */

/* Begin PBXTargetDependency section */
		2E1E344F23C3E54900AC8423 /* PBXTargetDependency */ = {
			isa = PBXTargetDependency;
			target = 2E1E343623C3E54500AC8423 /* Ghibli Hub */;
			targetProxy = 2E1E344E23C3E54900AC8423 /* PBXContainerItemProxy */;
		};
/* End PBXTargetDependency section */

/* Begin PBXVariantGroup section */
		2E1E344023C3E54500AC8423 /* Main.storyboard */ = {
			isa = PBXVariantGroup;
			children = (
				2E1E344123C3E54500AC8423 /* Base */,
			);
			name = Main.storyboard;
			sourceTree = "<group>";
		};
		2E1E344523C3E54900AC8423 /* LaunchScreen.storyboard */ = {
			isa = PBXVariantGroup;
			children = (
				2E1E344623C3E54900AC8423 /* Base */,
			);
			name = LaunchScreen.storyboard;
			sourceTree = "<group>";
		};
/* End PBXVariantGroup section */

/* Begin XCBuildConfiguration section */
		2E1E345423C3E54900AC8423 /* Debug */ = {
			isa = XCBuildConfiguration;
			buildSettings = {
				ALWAYS_SEARCH_USER_PATHS = NO;
				CLANG_ANALYZER_NONNULL = YES;
				CLANG_ANALYZER_NUMBER_OBJECT_CONVERSION = YES_AGGRESSIVE;
				CLANG_CXX_LANGUAGE_STANDARD = "gnu++14";
				CLANG_CXX_LIBRARY = "libc++";
				CLANG_ENABLE_MODULES = YES;
				CLANG_ENABLE_OBJC_ARC = YES;
				CLANG_ENABLE_OBJC_WEAK = YES;
				CLANG_WARN_BLOCK_CAPTURE_AUTORELEASING = YES;
				CLANG_WARN_BOOL_CONVERSION = YES;
				CLANG_WARN_COMMA = YES;
				CLANG_WARN_CONSTANT_CONVERSION = YES;
				CLANG_WARN_DEPRECATED_OBJC_IMPLEMENTATIONS = YES;
				CLANG_WARN_DIRECT_OBJC_ISA_USAGE = YES_ERROR;
				CLANG_WARN_DOCUMENTATION_COMMENTS = YES;
				CLANG_WARN_EMPTY_BODY = YES;
				CLANG_WARN_ENUM_CONVERSION = YES;
				CLANG_WARN_INFINITE_RECURSION = YES;
				CLANG_WARN_INT_CONVERSION = YES;
				CLANG_WARN_NON_LITERAL_NULL_CONVERSION = YES;
				CLANG_WARN_OBJC_IMPLICIT_RETAIN_SELF = YES;
				CLANG_WARN_OBJC_LITERAL_CONVERSION = YES;
				CLANG_WARN_OBJC_ROOT_CLASS = YES_ERROR;
				CLANG_WARN_RANGE_LOOP_ANALYSIS = YES;
				CLANG_WARN_STRICT_PROTOTYPES = YES;
				CLANG_WARN_SUSPICIOUS_MOVE = YES;
				CLANG_WARN_UNGUARDED_AVAILABILITY = YES_AGGRESSIVE;
				CLANG_WARN_UNREACHABLE_CODE = YES;
				CLANG_WARN__DUPLICATE_METHOD_MATCH = YES;
				COPY_PHASE_STRIP = NO;
				DEBUG_INFORMATION_FORMAT = dwarf;
				ENABLE_STRICT_OBJC_MSGSEND = YES;
				ENABLE_TESTABILITY = YES;
				GCC_C_LANGUAGE_STANDARD = gnu11;
				GCC_DYNAMIC_NO_PIC = NO;
				GCC_NO_COMMON_BLOCKS = YES;
				GCC_OPTIMIZATION_LEVEL = 0;
				GCC_PREPROCESSOR_DEFINITIONS = (
					"DEBUG=1",
					"$(inherited)",
				);
				GCC_WARN_64_TO_32_BIT_CONVERSION = YES;
				GCC_WARN_ABOUT_RETURN_TYPE = YES_ERROR;
				GCC_WARN_UNDECLARED_SELECTOR = YES;
				GCC_WARN_UNINITIALIZED_AUTOS = YES_AGGRESSIVE;
				GCC_WARN_UNUSED_FUNCTION = YES;
				GCC_WARN_UNUSED_VARIABLE = YES;
				IPHONEOS_DEPLOYMENT_TARGET = 13.2;
				MTL_ENABLE_DEBUG_INFO = INCLUDE_SOURCE;
				MTL_FAST_MATH = YES;
				ONLY_ACTIVE_ARCH = YES;
				SDKROOT = iphoneos;
				SWIFT_ACTIVE_COMPILATION_CONDITIONS = DEBUG;
				SWIFT_OPTIMIZATION_LEVEL = "-Onone";
			};
			name = Debug;
		};
		2E1E345523C3E54900AC8423 /* Release */ = {
			isa = XCBuildConfiguration;
			buildSettings = {
				ALWAYS_SEARCH_USER_PATHS = NO;
				CLANG_ANALYZER_NONNULL = YES;
				CLANG_ANALYZER_NUMBER_OBJECT_CONVERSION = YES_AGGRESSIVE;
				CLANG_CXX_LANGUAGE_STANDARD = "gnu++14";
				CLANG_CXX_LIBRARY = "libc++";
				CLANG_ENABLE_MODULES = YES;
				CLANG_ENABLE_OBJC_ARC = YES;
				CLANG_ENABLE_OBJC_WEAK = YES;
				CLANG_WARN_BLOCK_CAPTURE_AUTORELEASING = YES;
				CLANG_WARN_BOOL_CONVERSION = YES;
				CLANG_WARN_COMMA = YES;
				CLANG_WARN_CONSTANT_CONVERSION = YES;
				CLANG_WARN_DEPRECATED_OBJC_IMPLEMENTATIONS = YES;
				CLANG_WARN_DIRECT_OBJC_ISA_USAGE = YES_ERROR;
				CLANG_WARN_DOCUMENTATION_COMMENTS = YES;
				CLANG_WARN_EMPTY_BODY = YES;
				CLANG_WARN_ENUM_CONVERSION = YES;
				CLANG_WARN_INFINITE_RECURSION = YES;
				CLANG_WARN_INT_CONVERSION = YES;
				CLANG_WARN_NON_LITERAL_NULL_CONVERSION = YES;
				CLANG_WARN_OBJC_IMPLICIT_RETAIN_SELF = YES;
				CLANG_WARN_OBJC_LITERAL_CONVERSION = YES;
				CLANG_WARN_OBJC_ROOT_CLASS = YES_ERROR;
				CLANG_WARN_RANGE_LOOP_ANALYSIS = YES;
				CLANG_WARN_STRICT_PROTOTYPES = YES;
				CLANG_WARN_SUSPICIOUS_MOVE = YES;
				CLANG_WARN_UNGUARDED_AVAILABILITY = YES_AGGRESSIVE;
				CLANG_WARN_UNREACHABLE_CODE = YES;
				CLANG_WARN__DUPLICATE_METHOD_MATCH = YES;
				COPY_PHASE_STRIP = NO;
				DEBUG_INFORMATION_FORMAT = "dwarf-with-dsym";
				ENABLE_NS_ASSERTIONS = NO;
				ENABLE_STRICT_OBJC_MSGSEND = YES;
				GCC_C_LANGUAGE_STANDARD = gnu11;
				GCC_NO_COMMON_BLOCKS = YES;
				GCC_WARN_64_TO_32_BIT_CONVERSION = YES;
				GCC_WARN_ABOUT_RETURN_TYPE = YES_ERROR;
				GCC_WARN_UNDECLARED_SELECTOR = YES;
				GCC_WARN_UNINITIALIZED_AUTOS = YES_AGGRESSIVE;
				GCC_WARN_UNUSED_FUNCTION = YES;
				GCC_WARN_UNUSED_VARIABLE = YES;
				IPHONEOS_DEPLOYMENT_TARGET = 13.2;
				MTL_ENABLE_DEBUG_INFO = NO;
				MTL_FAST_MATH = YES;
				SDKROOT = iphoneos;
				SWIFT_COMPILATION_MODE = wholemodule;
				SWIFT_OPTIMIZATION_LEVEL = "-O";
				VALIDATE_PRODUCT = YES;
			};
			name = Release;
		};
		2E1E345723C3E54900AC8423 /* Debug */ = {
			isa = XCBuildConfiguration;
			buildSettings = {
				ASSETCATALOG_COMPILER_APPICON_NAME = AppIcon;
				CODE_SIGN_STYLE = Automatic;
				DEVELOPMENT_TEAM = 2B2JQYS6HR;
				INFOPLIST_FILE = "Ghibli Hub/Info.plist";
				LD_RUNPATH_SEARCH_PATHS = (
					"$(inherited)",
					"@executable_path/Frameworks",
				);
				PRODUCT_BUNDLE_IDENTIFIER = "Pursuit.Ghibli-Hub";
				PRODUCT_NAME = "$(TARGET_NAME)";
				SWIFT_VERSION = 5.0;
				TARGETED_DEVICE_FAMILY = "1,2";
			};
			name = Debug;
		};
		2E1E345823C3E54900AC8423 /* Release */ = {
			isa = XCBuildConfiguration;
			buildSettings = {
				ASSETCATALOG_COMPILER_APPICON_NAME = AppIcon;
				CODE_SIGN_STYLE = Automatic;
				DEVELOPMENT_TEAM = 2B2JQYS6HR;
				INFOPLIST_FILE = "Ghibli Hub/Info.plist";
				LD_RUNPATH_SEARCH_PATHS = (
					"$(inherited)",
					"@executable_path/Frameworks",
				);
				PRODUCT_BUNDLE_IDENTIFIER = "Pursuit.Ghibli-Hub";
				PRODUCT_NAME = "$(TARGET_NAME)";
				SWIFT_VERSION = 5.0;
				TARGETED_DEVICE_FAMILY = "1,2";
			};
			name = Release;
		};
		2E1E345A23C3E54900AC8423 /* Debug */ = {
			isa = XCBuildConfiguration;
			buildSettings = {
				ALWAYS_EMBED_SWIFT_STANDARD_LIBRARIES = YES;
				BUNDLE_LOADER = "$(TEST_HOST)";
				CODE_SIGN_STYLE = Automatic;
				DEVELOPMENT_TEAM = 2B2JQYS6HR;
				INFOPLIST_FILE = "Ghibli HubTests/Info.plist";
				IPHONEOS_DEPLOYMENT_TARGET = 13.2;
				LD_RUNPATH_SEARCH_PATHS = (
					"$(inherited)",
					"@executable_path/Frameworks",
					"@loader_path/Frameworks",
				);
				PRODUCT_BUNDLE_IDENTIFIER = "Pursuit.Ghibli-HubTests";
				PRODUCT_NAME = "$(TARGET_NAME)";
				SWIFT_VERSION = 5.0;
				TARGETED_DEVICE_FAMILY = "1,2";
				TEST_HOST = "$(BUILT_PRODUCTS_DIR)/Ghibli Hub.app/Ghibli Hub";
			};
			name = Debug;
		};
		2E1E345B23C3E54900AC8423 /* Release */ = {
			isa = XCBuildConfiguration;
			buildSettings = {
				ALWAYS_EMBED_SWIFT_STANDARD_LIBRARIES = YES;
				BUNDLE_LOADER = "$(TEST_HOST)";
				CODE_SIGN_STYLE = Automatic;
				DEVELOPMENT_TEAM = 2B2JQYS6HR;
				INFOPLIST_FILE = "Ghibli HubTests/Info.plist";
				IPHONEOS_DEPLOYMENT_TARGET = 13.2;
				LD_RUNPATH_SEARCH_PATHS = (
					"$(inherited)",
					"@executable_path/Frameworks",
					"@loader_path/Frameworks",
				);
				PRODUCT_BUNDLE_IDENTIFIER = "Pursuit.Ghibli-HubTests";
				PRODUCT_NAME = "$(TARGET_NAME)";
				SWIFT_VERSION = 5.0;
				TARGETED_DEVICE_FAMILY = "1,2";
				TEST_HOST = "$(BUILT_PRODUCTS_DIR)/Ghibli Hub.app/Ghibli Hub";
			};
			name = Release;
		};
/* End XCBuildConfiguration section */

/* Begin XCConfigurationList section */
		2E1E343223C3E54500AC8423 /* Build configuration list for PBXProject "Ghibli Hub" */ = {
			isa = XCConfigurationList;
			buildConfigurations = (
				2E1E345423C3E54900AC8423 /* Debug */,
				2E1E345523C3E54900AC8423 /* Release */,
			);
			defaultConfigurationIsVisible = 0;
			defaultConfigurationName = Release;
		};
		2E1E345623C3E54900AC8423 /* Build configuration list for PBXNativeTarget "Ghibli Hub" */ = {
			isa = XCConfigurationList;
			buildConfigurations = (
				2E1E345723C3E54900AC8423 /* Debug */,
				2E1E345823C3E54900AC8423 /* Release */,
			);
			defaultConfigurationIsVisible = 0;
			defaultConfigurationName = Release;
		};
		2E1E345923C3E54900AC8423 /* Build configuration list for PBXNativeTarget "Ghibli HubTests" */ = {
			isa = XCConfigurationList;
			buildConfigurations = (
				2E1E345A23C3E54900AC8423 /* Debug */,
				2E1E345B23C3E54900AC8423 /* Release */,
			);
			defaultConfigurationIsVisible = 0;
			defaultConfigurationName = Release;
		};
/* End XCConfigurationList section */
	};
	rootObject = 2E1E342F23C3E54500AC8423 /* Project object */;
}
